// !$*UTF8*$!
{
	archiveVersion = 1;
	classes = {
	};
	objectVersion = 50;
	objects = {

/* Begin PBXBuildFile section */
		831BC92022188A3B00112BFB /* AppDelegate.swift in Sources */ = {isa = PBXBuildFile; fileRef = 831BC91F22188A3B00112BFB /* AppDelegate.swift */; };
		831BC92222188A3B00112BFB /* ViewController.swift in Sources */ = {isa = PBXBuildFile; fileRef = 831BC92122188A3B00112BFB /* ViewController.swift */; };
		831BC92522188A3B00112BFB /* Main.storyboard in Resources */ = {isa = PBXBuildFile; fileRef = 831BC92322188A3B00112BFB /* Main.storyboard */; };
		831BC92722188A3D00112BFB /* Assets.xcassets in Resources */ = {isa = PBXBuildFile; fileRef = 831BC92622188A3D00112BFB /* Assets.xcassets */; };
		831BC92A22188A3D00112BFB /* LaunchScreen.storyboard in Resources */ = {isa = PBXBuildFile; fileRef = 831BC92822188A3D00112BFB /* LaunchScreen.storyboard */; };
		831BC93522188A3D00112BFB /* PickupTests.swift in Sources */ = {isa = PBXBuildFile; fileRef = 831BC93422188A3D00112BFB /* PickupTests.swift */; };
		831BC94022188A3D00112BFB /* PickupUITests.swift in Sources */ = {isa = PBXBuildFile; fileRef = 831BC93F22188A3D00112BFB /* PickupUITests.swift */; };
		831BC95922188B9F00112BFB /* Localizable.strings in Resources */ = {isa = PBXBuildFile; fileRef = 831BC95822188B9F00112BFB /* Localizable.strings */; };
		834AB2EA22238B61002701EB /* NoteButton.swift in Sources */ = {isa = PBXBuildFile; fileRef = 834AB2E922238B61002701EB /* NoteButton.swift */; };
		83B2FF892218A5DF007E6C6C /* README.md in Frameworks */ = {isa = PBXBuildFile; fileRef = 83B2FF7E2218A5DF007E6C6C /* README.md */; };
		83ED0D202218918E0001CE38 /* Learning1.storyboard in Resources */ = {isa = PBXBuildFile; fileRef = 83ED0D1F2218918E0001CE38 /* Learning1.storyboard */; };
		83ED0D222218977D0001CE38 /* LearningViewController.swift in Sources */ = {isa = PBXBuildFile; fileRef = 83ED0D212218977D0001CE38 /* LearningViewController.swift */; };
/* End PBXBuildFile section */

/* Begin PBXContainerItemProxy section */
		831BC93122188A3D00112BFB /* PBXContainerItemProxy */ = {
			isa = PBXContainerItemProxy;
			containerPortal = 831BC91422188A3B00112BFB /* Project object */;
			proxyType = 1;
			remoteGlobalIDString = 831BC91B22188A3B00112BFB;
			remoteInfo = Pickup;
		};
		831BC93C22188A3D00112BFB /* PBXContainerItemProxy */ = {
			isa = PBXContainerItemProxy;
			containerPortal = 831BC91422188A3B00112BFB /* Project object */;
			proxyType = 1;
			remoteGlobalIDString = 831BC91B22188A3B00112BFB;
			remoteInfo = Pickup;
		};
		83B2FF902218A7F7007E6C6C /* PBXContainerItemProxy */ = {
			isa = PBXContainerItemProxy;
			containerPortal = 83B2FF8B2218A7F7007E6C6C /* AudioKit For iOS.xcodeproj */;
			proxyType = 2;
			remoteGlobalIDString = C42F35001C057E03000E937C;
			remoteInfo = AudioKit;
		};
		83B2FF922218A7F7007E6C6C /* PBXContainerItemProxy */ = {
			isa = PBXContainerItemProxy;
			containerPortal = 83B2FF8B2218A7F7007E6C6C /* AudioKit For iOS.xcodeproj */;
			proxyType = 2;
			remoteGlobalIDString = EA7D07011F4E63C200707706;
			remoteInfo = AudioKitUI;
		};
		83B2FF942218A810007E6C6C /* PBXContainerItemProxy */ = {
			isa = PBXContainerItemProxy;
			containerPortal = 83B2FF8B2218A7F7007E6C6C /* AudioKit For iOS.xcodeproj */;
			proxyType = 1;
			remoteGlobalIDString = C42F34FF1C057E03000E937C;
			remoteInfo = AudioKit;
		};
		83E036F72218B26300D017BF /* PBXContainerItemProxy */ = {
			isa = PBXContainerItemProxy;
			containerPortal = 83B2FF8B2218A7F7007E6C6C /* AudioKit For iOS.xcodeproj */;
			proxyType = 1;
			remoteGlobalIDString = EA7D07001F4E63C200707706;
			remoteInfo = AudioKitUI;
		};
/* End PBXContainerItemProxy section */

/* Begin PBXFileReference section */
		2419AB24356546966AD345D7 /* Pods-PickupTests.debug.xcconfig */ = {isa = PBXFileReference; includeInIndex = 1; lastKnownFileType = text.xcconfig; name = "Pods-PickupTests.debug.xcconfig"; path = "Target Support Files/Pods-PickupTests/Pods-PickupTests.debug.xcconfig"; sourceTree = "<group>"; };
		7984CF995A099B42DF2A8C9B /* Pods-PickupUITests.release.xcconfig */ = {isa = PBXFileReference; includeInIndex = 1; lastKnownFileType = text.xcconfig; name = "Pods-PickupUITests.release.xcconfig"; path = "Target Support Files/Pods-PickupUITests/Pods-PickupUITests.release.xcconfig"; sourceTree = "<group>"; };
		831BC91C22188A3B00112BFB /* Pickup.app */ = {isa = PBXFileReference; explicitFileType = wrapper.application; includeInIndex = 0; path = Pickup.app; sourceTree = BUILT_PRODUCTS_DIR; };
		831BC91F22188A3B00112BFB /* AppDelegate.swift */ = {isa = PBXFileReference; lastKnownFileType = sourcecode.swift; path = AppDelegate.swift; sourceTree = "<group>"; };
		831BC92122188A3B00112BFB /* ViewController.swift */ = {isa = PBXFileReference; lastKnownFileType = sourcecode.swift; path = ViewController.swift; sourceTree = "<group>"; };
		831BC92422188A3B00112BFB /* Base */ = {isa = PBXFileReference; lastKnownFileType = file.storyboard; name = Base; path = Base.lproj/Main.storyboard; sourceTree = "<group>"; };
		831BC92622188A3D00112BFB /* Assets.xcassets */ = {isa = PBXFileReference; lastKnownFileType = folder.assetcatalog; path = Assets.xcassets; sourceTree = "<group>"; };
		831BC92922188A3D00112BFB /* Base */ = {isa = PBXFileReference; lastKnownFileType = file.storyboard; name = Base; path = Base.lproj/LaunchScreen.storyboard; sourceTree = "<group>"; };
		831BC92B22188A3D00112BFB /* Info.plist */ = {isa = PBXFileReference; lastKnownFileType = text.plist.xml; path = Info.plist; sourceTree = "<group>"; };
		831BC93022188A3D00112BFB /* PickupTests.xctest */ = {isa = PBXFileReference; explicitFileType = wrapper.cfbundle; includeInIndex = 0; path = PickupTests.xctest; sourceTree = BUILT_PRODUCTS_DIR; };
		831BC93422188A3D00112BFB /* PickupTests.swift */ = {isa = PBXFileReference; lastKnownFileType = sourcecode.swift; path = PickupTests.swift; sourceTree = "<group>"; };
		831BC93622188A3D00112BFB /* Info.plist */ = {isa = PBXFileReference; lastKnownFileType = text.plist.xml; path = Info.plist; sourceTree = "<group>"; };
		831BC93B22188A3D00112BFB /* PickupUITests.xctest */ = {isa = PBXFileReference; explicitFileType = wrapper.cfbundle; includeInIndex = 0; path = PickupUITests.xctest; sourceTree = BUILT_PRODUCTS_DIR; };
		831BC93F22188A3D00112BFB /* PickupUITests.swift */ = {isa = PBXFileReference; lastKnownFileType = sourcecode.swift; path = PickupUITests.swift; sourceTree = "<group>"; };
		831BC94122188A3D00112BFB /* Info.plist */ = {isa = PBXFileReference; lastKnownFileType = text.plist.xml; path = Info.plist; sourceTree = "<group>"; };
		831BC95822188B9F00112BFB /* Localizable.strings */ = {isa = PBXFileReference; lastKnownFileType = text.plist.strings; path = Localizable.strings; sourceTree = "<group>"; };
		831BC95A22188C1600112BFB /* README.md */ = {isa = PBXFileReference; lastKnownFileType = net.daringfireball.markdown; path = README.md; sourceTree = "<group>"; };
		834AB2E922238B61002701EB /* NoteButton.swift */ = {isa = PBXFileReference; lastKnownFileType = sourcecode.swift; path = NoteButton.swift; sourceTree = "<group>"; };
		83A8ABDE2218A536008A7B67 /* Frameworks */ = {isa = PBXFileReference; lastKnownFileType = folder; name = Frameworks; path = "Pickup/AudioKit-4.6/Frameworks"; sourceTree = "<group>"; };
		83B2FF742218A5DF007E6C6C /* build_frameworks.sh */ = {isa = PBXFileReference; lastKnownFileType = text.script.sh; name = build_frameworks.sh; path = "Pickup/AudioKit-4.6/Frameworks/build_frameworks.sh"; sourceTree = "<group>"; };
		83B2FF752218A5DF007E6C6C /* build_packages.sh */ = {isa = PBXFileReference; lastKnownFileType = text.script.sh; name = build_packages.sh; path = "Pickup/AudioKit-4.6/Frameworks/build_packages.sh"; sourceTree = "<group>"; };
		83B2FF762218A5DF007E6C6C /* simulator-travis.xcconfig */ = {isa = PBXFileReference; lastKnownFileType = text.xcconfig; name = "simulator-travis.xcconfig"; path = "Pickup/AudioKit-4.6/Frameworks/simulator-travis.xcconfig"; sourceTree = "<group>"; };
		83B2FF772218A5DF007E6C6C /* simulator.xcconfig */ = {isa = PBXFileReference; lastKnownFileType = text.xcconfig; name = simulator.xcconfig; path = "Pickup/AudioKit-4.6/Frameworks/simulator.xcconfig"; sourceTree = "<group>"; };
		83B2FF782218A5DF007E6C6C /* device.xcconfig */ = {isa = PBXFileReference; lastKnownFileType = text.xcconfig; name = device.xcconfig; path = "Pickup/AudioKit-4.6/Frameworks/device.xcconfig"; sourceTree = "<group>"; };
		83B2FF792218A5DF007E6C6C /* fix_paths.sed */ = {isa = PBXFileReference; lastKnownFileType = text; name = fix_paths.sed; path = "Pickup/AudioKit-4.6/Frameworks/fix_paths.sed"; sourceTree = "<group>"; };
		83B2FF7A2218A5DF007E6C6C /* AudioKit.podspec.json.tmpl */ = {isa = PBXFileReference; lastKnownFileType = text; name = AudioKit.podspec.json.tmpl; path = "Pickup/AudioKit-4.6/Frameworks/AudioKit.podspec.json.tmpl"; sourceTree = "<group>"; };
		83B2FF7B2218A5DF007E6C6C /* distribute_built_frameworks.sh_example */ = {isa = PBXFileReference; lastKnownFileType = text.script.sh; name = distribute_built_frameworks.sh_example; path = "Pickup/AudioKit-4.6/Frameworks/distribute_built_frameworks.sh_example"; sourceTree = "<group>"; };
		83B2FF7C2218A5DF007E6C6C /* fix-framework.sh */ = {isa = PBXFileReference; lastKnownFileType = text.script.sh; name = "fix-framework.sh"; path = "Pickup/AudioKit-4.6/Frameworks/fix-framework.sh"; sourceTree = "<group>"; };
		83B2FF7D2218A5DF007E6C6C /* push-pod.sh */ = {isa = PBXFileReference; lastKnownFileType = text.script.sh; name = "push-pod.sh"; path = "Pickup/AudioKit-4.6/Frameworks/push-pod.sh"; sourceTree = "<group>"; };
		83B2FF7E2218A5DF007E6C6C /* README.md */ = {isa = PBXFileReference; lastKnownFileType = net.daringfireball.markdown; name = README.md; path = "Pickup/AudioKit-4.6/Frameworks/README.md"; sourceTree = "<group>"; };
		83B2FF8B2218A7F7007E6C6C /* AudioKit For iOS.xcodeproj */ = {isa = PBXFileReference; lastKnownFileType = "wrapper.pb-project"; name = "AudioKit For iOS.xcodeproj"; path = "Pickup/AudioKit-4.6/AudioKit/iOS/AudioKit For iOS.xcodeproj"; sourceTree = "<group>"; };
		83ED0D1F2218918E0001CE38 /* Learning1.storyboard */ = {isa = PBXFileReference; lastKnownFileType = file.storyboard; path = Learning1.storyboard; sourceTree = "<group>"; };
		83ED0D212218977D0001CE38 /* LearningViewController.swift */ = {isa = PBXFileReference; lastKnownFileType = sourcecode.swift; path = LearningViewController.swift; sourceTree = "<group>"; };
		D39909D19324D9C88B8FA481 /* Pods-PickupTests.release.xcconfig */ = {isa = PBXFileReference; includeInIndex = 1; lastKnownFileType = text.xcconfig; name = "Pods-PickupTests.release.xcconfig"; path = "Target Support Files/Pods-PickupTests/Pods-PickupTests.release.xcconfig"; sourceTree = "<group>"; };
		F5B42FAE6FA7BAFB281A4700 /* Pods-Pickup.debug.xcconfig */ = {isa = PBXFileReference; includeInIndex = 1; lastKnownFileType = text.xcconfig; name = "Pods-Pickup.debug.xcconfig"; path = "Target Support Files/Pods-Pickup/Pods-Pickup.debug.xcconfig"; sourceTree = "<group>"; };
		FE2240850550BD014B1D0A36 /* Pods-PickupUITests.debug.xcconfig */ = {isa = PBXFileReference; includeInIndex = 1; lastKnownFileType = text.xcconfig; name = "Pods-PickupUITests.debug.xcconfig"; path = "Target Support Files/Pods-PickupUITests/Pods-PickupUITests.debug.xcconfig"; sourceTree = "<group>"; };
		FF9518D4BCC2B11A90A1F84B /* Pods-Pickup.release.xcconfig */ = {isa = PBXFileReference; includeInIndex = 1; lastKnownFileType = text.xcconfig; name = "Pods-Pickup.release.xcconfig"; path = "Target Support Files/Pods-Pickup/Pods-Pickup.release.xcconfig"; sourceTree = "<group>"; };
/* End PBXFileReference section */

/* Begin PBXFrameworksBuildPhase section */
		831BC91922188A3B00112BFB /* Frameworks */ = {
			isa = PBXFrameworksBuildPhase;
			buildActionMask = 2147483647;
			files = (
				83B2FF892218A5DF007E6C6C /* README.md in Frameworks */,
			);
			runOnlyForDeploymentPostprocessing = 0;
		};
		831BC92D22188A3D00112BFB /* Frameworks */ = {
			isa = PBXFrameworksBuildPhase;
			buildActionMask = 2147483647;
			files = (
			);
			runOnlyForDeploymentPostprocessing = 0;
		};
		831BC93822188A3D00112BFB /* Frameworks */ = {
			isa = PBXFrameworksBuildPhase;
			buildActionMask = 2147483647;
			files = (
			);
			runOnlyForDeploymentPostprocessing = 0;
		};
/* End PBXFrameworksBuildPhase section */

/* Begin PBXGroup section */
		831BC91322188A3B00112BFB = {
			isa = PBXGroup;
			children = (
				83B2FF8B2218A7F7007E6C6C /* AudioKit For iOS.xcodeproj */,
				831BC91E22188A3B00112BFB /* Pickup */,
				831BC93322188A3D00112BFB /* PickupTests */,
				831BC93E22188A3D00112BFB /* PickupUITests */,
				831BC91D22188A3B00112BFB /* Products */,
				8E300048A60566FF51CCDF38 /* Pods */,
				AD8C85007715A05AAA512F9A /* Frameworks */,
			);
			sourceTree = "<group>";
		};
		831BC91D22188A3B00112BFB /* Products */ = {
			isa = PBXGroup;
			children = (
				831BC91C22188A3B00112BFB /* Pickup.app */,
				831BC93022188A3D00112BFB /* PickupTests.xctest */,
				831BC93B22188A3D00112BFB /* PickupUITests.xctest */,
			);
			name = Products;
			sourceTree = "<group>";
		};
		831BC91E22188A3B00112BFB /* Pickup */ = {
			isa = PBXGroup;
			children = (
				831BC94D22188A6700112BFB /* Application Delegate */,
				831BC94E22188A7D00112BFB /* View Controllers */,
				831BC95022188A9F00112BFB /* Storyboards */,
				831BC92B22188A3D00112BFB /* Info.plist */,
				831BC95422188B0300112BFB /* Resources */,
				831BC95622188B4500112BFB /* Supporting Files */,
				831BC95722188B6D00112BFB /* Localization */,
				831BC95A22188C1600112BFB /* README.md */,
			);
			path = Pickup;
			sourceTree = "<group>";
		};
		831BC93322188A3D00112BFB /* PickupTests */ = {
			isa = PBXGroup;
			children = (
				831BC93422188A3D00112BFB /* PickupTests.swift */,
				831BC93622188A3D00112BFB /* Info.plist */,
			);
			path = PickupTests;
			sourceTree = "<group>";
		};
		831BC93E22188A3D00112BFB /* PickupUITests */ = {
			isa = PBXGroup;
			children = (
				831BC93F22188A3D00112BFB /* PickupUITests.swift */,
				831BC94122188A3D00112BFB /* Info.plist */,
			);
			path = PickupUITests;
			sourceTree = "<group>";
		};
		831BC94D22188A6700112BFB /* Application Delegate */ = {
			isa = PBXGroup;
			children = (
				831BC91F22188A3B00112BFB /* AppDelegate.swift */,
			);
			path = "Application Delegate";
			sourceTree = "<group>";
		};
		831BC94E22188A7D00112BFB /* View Controllers */ = {
			isa = PBXGroup;
			children = (
				831BC94F22188A8C00112BFB /* Root View Controller */,
				83ED0D212218977D0001CE38 /* LearningViewController.swift */,
				834AB2E922238B61002701EB /* NoteButton.swift */,
			);
			path = "View Controllers";
			sourceTree = "<group>";
		};
		831BC94F22188A8C00112BFB /* Root View Controller */ = {
			isa = PBXGroup;
			children = (
				831BC92122188A3B00112BFB /* ViewController.swift */,
			);
			path = "Root View Controller";
			sourceTree = "<group>";
		};
		831BC95022188A9F00112BFB /* Storyboards */ = {
			isa = PBXGroup;
			children = (
				831BC95122188AD800112BFB /* Launch Screen */,
				831BC92322188A3B00112BFB /* Main.storyboard */,
				83ED0D1F2218918E0001CE38 /* Learning1.storyboard */,
			);
			path = Storyboards;
			sourceTree = "<group>";
		};
		831BC95122188AD800112BFB /* Launch Screen */ = {
			isa = PBXGroup;
			children = (
				831BC92822188A3D00112BFB /* LaunchScreen.storyboard */,
			);
			path = "Launch Screen";
			sourceTree = "<group>";
		};
		831BC95422188B0300112BFB /* Resources */ = {
			isa = PBXGroup;
			children = (
				831BC95522188B3400112BFB /* Assets */,
			);
			path = Resources;
			sourceTree = "<group>";
		};
		831BC95522188B3400112BFB /* Assets */ = {
			isa = PBXGroup;
			children = (
				831BC92622188A3D00112BFB /* Assets.xcassets */,
			);
			path = Assets;
			sourceTree = "<group>";
		};
		831BC95622188B4500112BFB /* Supporting Files */ = {
			isa = PBXGroup;
			children = (
			);
			path = "Supporting Files";
			sourceTree = "<group>";
		};
		831BC95722188B6D00112BFB /* Localization */ = {
			isa = PBXGroup;
			children = (
				831BC95822188B9F00112BFB /* Localizable.strings */,
			);
			path = Localization;
			sourceTree = "<group>";
		};
		83B2FF8C2218A7F7007E6C6C /* Products */ = {
			isa = PBXGroup;
			children = (
				83B2FF912218A7F7007E6C6C /* AudioKit.framework */,
				83B2FF932218A7F7007E6C6C /* AudioKitUI.framework */,
			);
			name = Products;
			sourceTree = "<group>";
		};
		8E300048A60566FF51CCDF38 /* Pods */ = {
			isa = PBXGroup;
			children = (
				F5B42FAE6FA7BAFB281A4700 /* Pods-Pickup.debug.xcconfig */,
				FF9518D4BCC2B11A90A1F84B /* Pods-Pickup.release.xcconfig */,
				2419AB24356546966AD345D7 /* Pods-PickupTests.debug.xcconfig */,
				D39909D19324D9C88B8FA481 /* Pods-PickupTests.release.xcconfig */,
				FE2240850550BD014B1D0A36 /* Pods-PickupUITests.debug.xcconfig */,
				7984CF995A099B42DF2A8C9B /* Pods-PickupUITests.release.xcconfig */,
			);
			path = Pods;
			sourceTree = "<group>";
		};
		AD8C85007715A05AAA512F9A /* Frameworks */ = {
			isa = PBXGroup;
			children = (
				83B2FF7A2218A5DF007E6C6C /* AudioKit.podspec.json.tmpl */,
				83B2FF742218A5DF007E6C6C /* build_frameworks.sh */,
				83B2FF752218A5DF007E6C6C /* build_packages.sh */,
				83B2FF782218A5DF007E6C6C /* device.xcconfig */,
				83B2FF7B2218A5DF007E6C6C /* distribute_built_frameworks.sh_example */,
				83B2FF792218A5DF007E6C6C /* fix_paths.sed */,
				83B2FF7C2218A5DF007E6C6C /* fix-framework.sh */,
				83B2FF7D2218A5DF007E6C6C /* push-pod.sh */,
				83B2FF7E2218A5DF007E6C6C /* README.md */,
				83B2FF762218A5DF007E6C6C /* simulator-travis.xcconfig */,
				83B2FF772218A5DF007E6C6C /* simulator.xcconfig */,
				83A8ABDE2218A536008A7B67 /* Frameworks */,
			);
			name = Frameworks;
			sourceTree = "<group>";
		};
/* End PBXGroup section */

/* Begin PBXNativeTarget section */
		831BC91B22188A3B00112BFB /* Pickup */ = {
			isa = PBXNativeTarget;
			buildConfigurationList = 831BC94422188A3D00112BFB /* Build configuration list for PBXNativeTarget "Pickup" */;
			buildPhases = (
				F3238AA371CD8B33EC6B8F53 /* [CP] Check Pods Manifest.lock */,
				831BC91822188A3B00112BFB /* Sources */,
				831BC91922188A3B00112BFB /* Frameworks */,
				831BC91A22188A3B00112BFB /* Resources */,
				ACF99D94E3FFEBEA6C2B906D /* [CP] Embed Pods Frameworks */,
			);
			buildRules = (
			);
			dependencies = (
				83B2FF952218A810007E6C6C /* PBXTargetDependency */,
				83E036F82218B26300D017BF /* PBXTargetDependency */,
			);
			name = Pickup;
			productName = Pickup;
			productReference = 831BC91C22188A3B00112BFB /* Pickup.app */;
			productType = "com.apple.product-type.application";
		};
		831BC92F22188A3D00112BFB /* PickupTests */ = {
			isa = PBXNativeTarget;
			buildConfigurationList = 831BC94722188A3D00112BFB /* Build configuration list for PBXNativeTarget "PickupTests" */;
			buildPhases = (
				1116EAC7474062CF7AAF1A25 /* [CP] Check Pods Manifest.lock */,
				831BC92C22188A3D00112BFB /* Sources */,
				831BC92D22188A3D00112BFB /* Frameworks */,
				831BC92E22188A3D00112BFB /* Resources */,
			);
			buildRules = (
			);
			dependencies = (
				831BC93222188A3D00112BFB /* PBXTargetDependency */,
			);
			name = PickupTests;
			productName = PickupTests;
			productReference = 831BC93022188A3D00112BFB /* PickupTests.xctest */;
			productType = "com.apple.product-type.bundle.unit-test";
		};
		831BC93A22188A3D00112BFB /* PickupUITests */ = {
			isa = PBXNativeTarget;
			buildConfigurationList = 831BC94A22188A3D00112BFB /* Build configuration list for PBXNativeTarget "PickupUITests" */;
			buildPhases = (
				A0D64B1BD1957576673572C5 /* [CP] Check Pods Manifest.lock */,
				831BC93722188A3D00112BFB /* Sources */,
				831BC93822188A3D00112BFB /* Frameworks */,
				831BC93922188A3D00112BFB /* Resources */,
			);
			buildRules = (
			);
			dependencies = (
				831BC93D22188A3D00112BFB /* PBXTargetDependency */,
			);
			name = PickupUITests;
			productName = PickupUITests;
			productReference = 831BC93B22188A3D00112BFB /* PickupUITests.xctest */;
			productType = "com.apple.product-type.bundle.ui-testing";
		};
/* End PBXNativeTarget section */

/* Begin PBXProject section */
		831BC91422188A3B00112BFB /* Project object */ = {
			isa = PBXProject;
			attributes = {
				LastSwiftUpdateCheck = 1010;
				LastUpgradeCheck = 1010;
				ORGANIZATIONNAME = "Keegan Davidson";
				TargetAttributes = {
					831BC91B22188A3B00112BFB = {
						CreatedOnToolsVersion = 10.1;
					};
					831BC92F22188A3D00112BFB = {
						CreatedOnToolsVersion = 10.1;
						TestTargetID = 831BC91B22188A3B00112BFB;
					};
					831BC93A22188A3D00112BFB = {
						CreatedOnToolsVersion = 10.1;
						TestTargetID = 831BC91B22188A3B00112BFB;
					};
				};
			};
			buildConfigurationList = 831BC91722188A3B00112BFB /* Build configuration list for PBXProject "Pickup" */;
			compatibilityVersion = "Xcode 9.3";
			developmentRegion = en;
			hasScannedForEncodings = 0;
			knownRegions = (
				en,
				Base,
			);
			mainGroup = 831BC91322188A3B00112BFB;
			productRefGroup = 831BC91D22188A3B00112BFB /* Products */;
			projectDirPath = "";
			projectReferences = (
				{
					ProductGroup = 83B2FF8C2218A7F7007E6C6C /* Products */;
					ProjectRef = 83B2FF8B2218A7F7007E6C6C /* AudioKit For iOS.xcodeproj */;
				},
			);
			projectRoot = "";
			targets = (
				831BC91B22188A3B00112BFB /* Pickup */,
				831BC92F22188A3D00112BFB /* PickupTests */,
				831BC93A22188A3D00112BFB /* PickupUITests */,
			);
		};
/* End PBXProject section */

/* Begin PBXReferenceProxy section */
		83B2FF912218A7F7007E6C6C /* AudioKit.framework */ = {
			isa = PBXReferenceProxy;
			fileType = wrapper.framework;
			path = AudioKit.framework;
			remoteRef = 83B2FF902218A7F7007E6C6C /* PBXContainerItemProxy */;
			sourceTree = BUILT_PRODUCTS_DIR;
		};
		83B2FF932218A7F7007E6C6C /* AudioKitUI.framework */ = {
			isa = PBXReferenceProxy;
			fileType = wrapper.framework;
			path = AudioKitUI.framework;
			remoteRef = 83B2FF922218A7F7007E6C6C /* PBXContainerItemProxy */;
			sourceTree = BUILT_PRODUCTS_DIR;
		};
/* End PBXReferenceProxy section */

/* Begin PBXResourcesBuildPhase section */
		831BC91A22188A3B00112BFB /* Resources */ = {
			isa = PBXResourcesBuildPhase;
			buildActionMask = 2147483647;
			files = (
				831BC92A22188A3D00112BFB /* LaunchScreen.storyboard in Resources */,
				831BC95922188B9F00112BFB /* Localizable.strings in Resources */,
				831BC92722188A3D00112BFB /* Assets.xcassets in Resources */,
				83ED0D202218918E0001CE38 /* Learning1.storyboard in Resources */,
				831BC92522188A3B00112BFB /* Main.storyboard in Resources */,
			);
			runOnlyForDeploymentPostprocessing = 0;
		};
		831BC92E22188A3D00112BFB /* Resources */ = {
			isa = PBXResourcesBuildPhase;
			buildActionMask = 2147483647;
			files = (
			);
			runOnlyForDeploymentPostprocessing = 0;
		};
		831BC93922188A3D00112BFB /* Resources */ = {
			isa = PBXResourcesBuildPhase;
			buildActionMask = 2147483647;
			files = (
			);
			runOnlyForDeploymentPostprocessing = 0;
		};
/* End PBXResourcesBuildPhase section */

/* Begin PBXShellScriptBuildPhase section */
		1116EAC7474062CF7AAF1A25 /* [CP] Check Pods Manifest.lock */ = {
			isa = PBXShellScriptBuildPhase;
			buildActionMask = 2147483647;
			files = (
			);
			inputFileListPaths = (
			);
			inputPaths = (
				"${PODS_PODFILE_DIR_PATH}/Podfile.lock",
				"${PODS_ROOT}/Manifest.lock",
			);
			name = "[CP] Check Pods Manifest.lock";
			outputFileListPaths = (
			);
			outputPaths = (
				"$(DERIVED_FILE_DIR)/Pods-PickupTests-checkManifestLockResult.txt",
			);
			runOnlyForDeploymentPostprocessing = 0;
			shellPath = /bin/sh;
			shellScript = "diff \"${PODS_PODFILE_DIR_PATH}/Podfile.lock\" \"${PODS_ROOT}/Manifest.lock\" > /dev/null\nif [ $? != 0 ] ; then\n    # print error to STDERR\n    echo \"error: The sandbox is not in sync with the Podfile.lock. Run 'pod install' or update your CocoaPods installation.\" >&2\n    exit 1\nfi\n# This output is used by Xcode 'outputs' to avoid re-running this script phase.\necho \"SUCCESS\" > \"${SCRIPT_OUTPUT_FILE_0}\"\n";
			showEnvVarsInLog = 0;
		};
		A0D64B1BD1957576673572C5 /* [CP] Check Pods Manifest.lock */ = {
			isa = PBXShellScriptBuildPhase;
			buildActionMask = 2147483647;
			files = (
			);
			inputFileListPaths = (
			);
			inputPaths = (
				"${PODS_PODFILE_DIR_PATH}/Podfile.lock",
				"${PODS_ROOT}/Manifest.lock",
			);
			name = "[CP] Check Pods Manifest.lock";
			outputFileListPaths = (
			);
			outputPaths = (
				"$(DERIVED_FILE_DIR)/Pods-PickupUITests-checkManifestLockResult.txt",
			);
			runOnlyForDeploymentPostprocessing = 0;
			shellPath = /bin/sh;
			shellScript = "diff \"${PODS_PODFILE_DIR_PATH}/Podfile.lock\" \"${PODS_ROOT}/Manifest.lock\" > /dev/null\nif [ $? != 0 ] ; then\n    # print error to STDERR\n    echo \"error: The sandbox is not in sync with the Podfile.lock. Run 'pod install' or update your CocoaPods installation.\" >&2\n    exit 1\nfi\n# This output is used by Xcode 'outputs' to avoid re-running this script phase.\necho \"SUCCESS\" > \"${SCRIPT_OUTPUT_FILE_0}\"\n";
			showEnvVarsInLog = 0;
		};
		ACF99D94E3FFEBEA6C2B906D /* [CP] Embed Pods Frameworks */ = {
			isa = PBXShellScriptBuildPhase;
			buildActionMask = 2147483647;
			files = (
			);
			inputFileListPaths = (
			);
			inputPaths = (
				"${PODS_ROOT}/Target Support Files/Pods-Pickup/Pods-Pickup-frameworks.sh",
				"${BUILT_PRODUCTS_DIR}/AudioKit/AudioKit.framework",
			);
			name = "[CP] Embed Pods Frameworks";
			outputFileListPaths = (
			);
			outputPaths = (
				"${TARGET_BUILD_DIR}/${FRAMEWORKS_FOLDER_PATH}/AudioKit.framework",
			);
			runOnlyForDeploymentPostprocessing = 0;
			shellPath = /bin/sh;
			shellScript = "\"${PODS_ROOT}/Target Support Files/Pods-Pickup/Pods-Pickup-frameworks.sh\"\n";
			showEnvVarsInLog = 0;
		};
		F3238AA371CD8B33EC6B8F53 /* [CP] Check Pods Manifest.lock */ = {
			isa = PBXShellScriptBuildPhase;
			buildActionMask = 2147483647;
			files = (
			);
			inputFileListPaths = (
			);
			inputPaths = (
				"${PODS_PODFILE_DIR_PATH}/Podfile.lock",
				"${PODS_ROOT}/Manifest.lock",
			);
			name = "[CP] Check Pods Manifest.lock";
			outputFileListPaths = (
			);
			outputPaths = (
				"$(DERIVED_FILE_DIR)/Pods-Pickup-checkManifestLockResult.txt",
			);
			runOnlyForDeploymentPostprocessing = 0;
			shellPath = /bin/sh;
			shellScript = "diff \"${PODS_PODFILE_DIR_PATH}/Podfile.lock\" \"${PODS_ROOT}/Manifest.lock\" > /dev/null\nif [ $? != 0 ] ; then\n    # print error to STDERR\n    echo \"error: The sandbox is not in sync with the Podfile.lock. Run 'pod install' or update your CocoaPods installation.\" >&2\n    exit 1\nfi\n# This output is used by Xcode 'outputs' to avoid re-running this script phase.\necho \"SUCCESS\" > \"${SCRIPT_OUTPUT_FILE_0}\"\n";
			showEnvVarsInLog = 0;
		};
/* End PBXShellScriptBuildPhase section */

/* Begin PBXSourcesBuildPhase section */
		831BC91822188A3B00112BFB /* Sources */ = {
			isa = PBXSourcesBuildPhase;
			buildActionMask = 2147483647;
			files = (
				83ED0D222218977D0001CE38 /* LearningViewController.swift in Sources */,
				834AB2EA22238B61002701EB /* NoteButton.swift in Sources */,
				831BC92222188A3B00112BFB /* ViewController.swift in Sources */,
				831BC92022188A3B00112BFB /* AppDelegate.swift in Sources */,
			);
			runOnlyForDeploymentPostprocessing = 0;
		};
		831BC92C22188A3D00112BFB /* Sources */ = {
			isa = PBXSourcesBuildPhase;
			buildActionMask = 2147483647;
			files = (
				831BC93522188A3D00112BFB /* PickupTests.swift in Sources */,
			);
			runOnlyForDeploymentPostprocessing = 0;
		};
		831BC93722188A3D00112BFB /* Sources */ = {
			isa = PBXSourcesBuildPhase;
			buildActionMask = 2147483647;
			files = (
				831BC94022188A3D00112BFB /* PickupUITests.swift in Sources */,
			);
			runOnlyForDeploymentPostprocessing = 0;
		};
/* End PBXSourcesBuildPhase section */

/* Begin PBXTargetDependency section */
		831BC93222188A3D00112BFB /* PBXTargetDependency */ = {
			isa = PBXTargetDependency;
			target = 831BC91B22188A3B00112BFB /* Pickup */;
			targetProxy = 831BC93122188A3D00112BFB /* PBXContainerItemProxy */;
		};
		831BC93D22188A3D00112BFB /* PBXTargetDependency */ = {
			isa = PBXTargetDependency;
			target = 831BC91B22188A3B00112BFB /* Pickup */;
			targetProxy = 831BC93C22188A3D00112BFB /* PBXContainerItemProxy */;
		};
		83B2FF952218A810007E6C6C /* PBXTargetDependency */ = {
			isa = PBXTargetDependency;
			name = AudioKit;
			targetProxy = 83B2FF942218A810007E6C6C /* PBXContainerItemProxy */;
		};
		83E036F82218B26300D017BF /* PBXTargetDependency */ = {
			isa = PBXTargetDependency;
			name = AudioKitUI;
			targetProxy = 83E036F72218B26300D017BF /* PBXContainerItemProxy */;
		};
/* End PBXTargetDependency section */

/* Begin PBXVariantGroup section */
		831BC92322188A3B00112BFB /* Main.storyboard */ = {
			isa = PBXVariantGroup;
			children = (
				831BC92422188A3B00112BFB /* Base */,
			);
			name = Main.storyboard;
			sourceTree = "<group>";
		};
		831BC92822188A3D00112BFB /* LaunchScreen.storyboard */ = {
			isa = PBXVariantGroup;
			children = (
				831BC92922188A3D00112BFB /* Base */,
			);
			name = LaunchScreen.storyboard;
			sourceTree = "<group>";
		};
/* End PBXVariantGroup section */

/* Begin XCBuildConfiguration section */
		831BC94222188A3D00112BFB /* Debug */ = {
			isa = XCBuildConfiguration;
			buildSettings = {
				ALWAYS_SEARCH_USER_PATHS = NO;
				CLANG_ANALYZER_NONNULL = YES;
				CLANG_ANALYZER_NUMBER_OBJECT_CONVERSION = YES_AGGRESSIVE;
				CLANG_CXX_LANGUAGE_STANDARD = "gnu++14";
				CLANG_CXX_LIBRARY = "libc++";
				CLANG_ENABLE_MODULES = YES;
				CLANG_ENABLE_OBJC_ARC = YES;
				CLANG_ENABLE_OBJC_WEAK = YES;
				CLANG_WARN_BLOCK_CAPTURE_AUTORELEASING = YES;
				CLANG_WARN_BOOL_CONVERSION = YES;
				CLANG_WARN_COMMA = YES;
				CLANG_WARN_CONSTANT_CONVERSION = YES;
				CLANG_WARN_DEPRECATED_OBJC_IMPLEMENTATIONS = YES;
				CLANG_WARN_DIRECT_OBJC_ISA_USAGE = YES_ERROR;
				CLANG_WARN_DOCUMENTATION_COMMENTS = YES;
				CLANG_WARN_EMPTY_BODY = YES;
				CLANG_WARN_ENUM_CONVERSION = YES;
				CLANG_WARN_INFINITE_RECURSION = YES;
				CLANG_WARN_INT_CONVERSION = YES;
				CLANG_WARN_NON_LITERAL_NULL_CONVERSION = YES;
				CLANG_WARN_OBJC_IMPLICIT_RETAIN_SELF = YES;
				CLANG_WARN_OBJC_LITERAL_CONVERSION = YES;
				CLANG_WARN_OBJC_ROOT_CLASS = YES_ERROR;
				CLANG_WARN_RANGE_LOOP_ANALYSIS = YES;
				CLANG_WARN_STRICT_PROTOTYPES = YES;
				CLANG_WARN_SUSPICIOUS_MOVE = YES;
				CLANG_WARN_UNGUARDED_AVAILABILITY = YES_AGGRESSIVE;
				CLANG_WARN_UNREACHABLE_CODE = YES;
				CLANG_WARN__DUPLICATE_METHOD_MATCH = YES;
				CODE_SIGN_IDENTITY = "iPhone Developer";
				COPY_PHASE_STRIP = NO;
				DEBUG_INFORMATION_FORMAT = dwarf;
				ENABLE_STRICT_OBJC_MSGSEND = YES;
				ENABLE_TESTABILITY = YES;
				GCC_C_LANGUAGE_STANDARD = gnu11;
				GCC_DYNAMIC_NO_PIC = NO;
				GCC_NO_COMMON_BLOCKS = YES;
				GCC_OPTIMIZATION_LEVEL = 0;
				GCC_PREPROCESSOR_DEFINITIONS = (
					"DEBUG=1",
					"$(inherited)",
				);
				GCC_WARN_64_TO_32_BIT_CONVERSION = YES;
				GCC_WARN_ABOUT_RETURN_TYPE = YES_ERROR;
				GCC_WARN_UNDECLARED_SELECTOR = YES;
				GCC_WARN_UNINITIALIZED_AUTOS = YES_AGGRESSIVE;
				GCC_WARN_UNUSED_FUNCTION = YES;
				GCC_WARN_UNUSED_VARIABLE = YES;
				IPHONEOS_DEPLOYMENT_TARGET = 12.1;
				MTL_ENABLE_DEBUG_INFO = INCLUDE_SOURCE;
				MTL_FAST_MATH = YES;
				ONLY_ACTIVE_ARCH = YES;
				SDKROOT = iphoneos;
				SWIFT_ACTIVE_COMPILATION_CONDITIONS = DEBUG;
				SWIFT_OPTIMIZATION_LEVEL = "-Onone";
			};
			name = Debug;
		};
		831BC94322188A3D00112BFB /* Release */ = {
			isa = XCBuildConfiguration;
			buildSettings = {
				ALWAYS_SEARCH_USER_PATHS = NO;
				CLANG_ANALYZER_NONNULL = YES;
				CLANG_ANALYZER_NUMBER_OBJECT_CONVERSION = YES_AGGRESSIVE;
				CLANG_CXX_LANGUAGE_STANDARD = "gnu++14";
				CLANG_CXX_LIBRARY = "libc++";
				CLANG_ENABLE_MODULES = YES;
				CLANG_ENABLE_OBJC_ARC = YES;
				CLANG_ENABLE_OBJC_WEAK = YES;
				CLANG_WARN_BLOCK_CAPTURE_AUTORELEASING = YES;
				CLANG_WARN_BOOL_CONVERSION = YES;
				CLANG_WARN_COMMA = YES;
				CLANG_WARN_CONSTANT_CONVERSION = YES;
				CLANG_WARN_DEPRECATED_OBJC_IMPLEMENTATIONS = YES;
				CLANG_WARN_DIRECT_OBJC_ISA_USAGE = YES_ERROR;
				CLANG_WARN_DOCUMENTATION_COMMENTS = YES;
				CLANG_WARN_EMPTY_BODY = YES;
				CLANG_WARN_ENUM_CONVERSION = YES;
				CLANG_WARN_INFINITE_RECURSION = YES;
				CLANG_WARN_INT_CONVERSION = YES;
				CLANG_WARN_NON_LITERAL_NULL_CONVERSION = YES;
				CLANG_WARN_OBJC_IMPLICIT_RETAIN_SELF = YES;
				CLANG_WARN_OBJC_LITERAL_CONVERSION = YES;
				CLANG_WARN_OBJC_ROOT_CLASS = YES_ERROR;
				CLANG_WARN_RANGE_LOOP_ANALYSIS = YES;
				CLANG_WARN_STRICT_PROTOTYPES = YES;
				CLANG_WARN_SUSPICIOUS_MOVE = YES;
				CLANG_WARN_UNGUARDED_AVAILABILITY = YES_AGGRESSIVE;
				CLANG_WARN_UNREACHABLE_CODE = YES;
				CLANG_WARN__DUPLICATE_METHOD_MATCH = YES;
				CODE_SIGN_IDENTITY = "iPhone Developer";
				COPY_PHASE_STRIP = NO;
				DEBUG_INFORMATION_FORMAT = "dwarf-with-dsym";
				ENABLE_NS_ASSERTIONS = NO;
				ENABLE_STRICT_OBJC_MSGSEND = YES;
				GCC_C_LANGUAGE_STANDARD = gnu11;
				GCC_NO_COMMON_BLOCKS = YES;
				GCC_WARN_64_TO_32_BIT_CONVERSION = YES;
				GCC_WARN_ABOUT_RETURN_TYPE = YES_ERROR;
				GCC_WARN_UNDECLARED_SELECTOR = YES;
				GCC_WARN_UNINITIALIZED_AUTOS = YES_AGGRESSIVE;
				GCC_WARN_UNUSED_FUNCTION = YES;
				GCC_WARN_UNUSED_VARIABLE = YES;
				IPHONEOS_DEPLOYMENT_TARGET = 12.1;
				MTL_ENABLE_DEBUG_INFO = NO;
				MTL_FAST_MATH = YES;
				SDKROOT = iphoneos;
				SWIFT_COMPILATION_MODE = wholemodule;
				SWIFT_OPTIMIZATION_LEVEL = "-O";
				VALIDATE_PRODUCT = YES;
			};
			name = Release;
		};
		831BC94522188A3D00112BFB /* Debug */ = {
			isa = XCBuildConfiguration;
			baseConfigurationReference = F5B42FAE6FA7BAFB281A4700 /* Pods-Pickup.debug.xcconfig */;
			buildSettings = {
				ASSETCATALOG_COMPILER_APPICON_NAME = AppIcon;
				CODE_SIGN_STYLE = Automatic;
				INFOPLIST_FILE = Pickup/Info.plist;
				LD_RUNPATH_SEARCH_PATHS = (
					"$(inherited)",
					"@executable_path/Frameworks",
				);
				OTHER_LDFLAGS = (
					"$(inherited)",
					"-ObjC",
					"-l\"csound\"",
					"-l\"sndfile\"",
					"-framework",
					"\"AudioKit\"",
					"-lc++",
				);
				PRODUCT_BUNDLE_IDENTIFIER = com.example.Pickup;
				PRODUCT_NAME = "$(TARGET_NAME)";
				SWIFT_VERSION = 4.2;
				TARGETED_DEVICE_FAMILY = "1,2";
			};
			name = Debug;
		};
		831BC94622188A3D00112BFB /* Release */ = {
			isa = XCBuildConfiguration;
			baseConfigurationReference = FF9518D4BCC2B11A90A1F84B /* Pods-Pickup.release.xcconfig */;
			buildSettings = {
				ASSETCATALOG_COMPILER_APPICON_NAME = AppIcon;
				CODE_SIGN_STYLE = Automatic;
				INFOPLIST_FILE = Pickup/Info.plist;
				LD_RUNPATH_SEARCH_PATHS = (
					"$(inherited)",
					"@executable_path/Frameworks",
				);
				OTHER_LDFLAGS = (
					"$(inherited)",
					"-ObjC",
					"-l\"csound\"",
					"-l\"sndfile\"",
					"-framework",
					"\"AudioKit\"",
					"-lc++",
				);
				PRODUCT_BUNDLE_IDENTIFIER = com.example.Pickup;
				PRODUCT_NAME = "$(TARGET_NAME)";
				SWIFT_VERSION = 4.2;
				TARGETED_DEVICE_FAMILY = "1,2";
			};
			name = Release;
		};
		831BC94822188A3D00112BFB /* Debug */ = {
			isa = XCBuildConfiguration;
			baseConfigurationReference = 2419AB24356546966AD345D7 /* Pods-PickupTests.debug.xcconfig */;
			buildSettings = {
				ALWAYS_EMBED_SWIFT_STANDARD_LIBRARIES = YES;
				BUNDLE_LOADER = "$(TEST_HOST)";
				CODE_SIGN_STYLE = Automatic;
				INFOPLIST_FILE = PickupTests/Info.plist;
				LD_RUNPATH_SEARCH_PATHS = (
					"$(inherited)",
					"@executable_path/Frameworks",
					"@loader_path/Frameworks",
				);
				PRODUCT_BUNDLE_IDENTIFIER = com.example.PickupTests;
				PRODUCT_NAME = "$(TARGET_NAME)";
				SWIFT_VERSION = 4.2;
				TARGETED_DEVICE_FAMILY = "1,2";
				TEST_HOST = "$(BUILT_PRODUCTS_DIR)/Pickup.app/Pickup";
			};
			name = Debug;
		};
		831BC94922188A3D00112BFB /* Release */ = {
			isa = XCBuildConfiguration;
			baseConfigurationReference = D39909D19324D9C88B8FA481 /* Pods-PickupTests.release.xcconfig */;
			buildSettings = {
				ALWAYS_EMBED_SWIFT_STANDARD_LIBRARIES = YES;
				BUNDLE_LOADER = "$(TEST_HOST)";
				CODE_SIGN_STYLE = Automatic;
				INFOPLIST_FILE = PickupTests/Info.plist;
				LD_RUNPATH_SEARCH_PATHS = (
					"$(inherited)",
					"@executable_path/Frameworks",
					"@loader_path/Frameworks",
				);
				PRODUCT_BUNDLE_IDENTIFIER = com.example.PickupTests;
				PRODUCT_NAME = "$(TARGET_NAME)";
				SWIFT_VERSION = 4.2;
				TARGETED_DEVICE_FAMILY = "1,2";
				TEST_HOST = "$(BUILT_PRODUCTS_DIR)/Pickup.app/Pickup";
			};
			name = Release;
		};
		831BC94B22188A3D00112BFB /* Debug */ = {
			isa = XCBuildConfiguration;
			baseConfigurationReference = FE2240850550BD014B1D0A36 /* Pods-PickupUITests.debug.xcconfig */;
			buildSettings = {
				ALWAYS_EMBED_SWIFT_STANDARD_LIBRARIES = YES;
				CODE_SIGN_STYLE = Automatic;
				INFOPLIST_FILE = PickupUITests/Info.plist;
				LD_RUNPATH_SEARCH_PATHS = (
					"$(inherited)",
					"@executable_path/Frameworks",
					"@loader_path/Frameworks",
				);
				PRODUCT_BUNDLE_IDENTIFIER = com.example.PickupUITests;
				PRODUCT_NAME = "$(TARGET_NAME)";
				SWIFT_VERSION = 4.2;
				TARGETED_DEVICE_FAMILY = "1,2";
				TEST_TARGET_NAME = Pickup;
			};
			name = Debug;
		};
		831BC94C22188A3D00112BFB /* Release */ = {
			isa = XCBuildConfiguration;
			baseConfigurationReference = 7984CF995A099B42DF2A8C9B /* Pods-PickupUITests.release.xcconfig */;
			buildSettings = {
				ALWAYS_EMBED_SWIFT_STANDARD_LIBRARIES = YES;
				CODE_SIGN_STYLE = Automatic;
				INFOPLIST_FILE = PickupUITests/Info.plist;
				LD_RUNPATH_SEARCH_PATHS = (
					"$(inherited)",
					"@executable_path/Frameworks",
					"@loader_path/Frameworks",
				);
				PRODUCT_BUNDLE_IDENTIFIER = com.example.PickupUITests;
				PRODUCT_NAME = "$(TARGET_NAME)";
				SWIFT_VERSION = 4.2;
				TARGETED_DEVICE_FAMILY = "1,2";
				TEST_TARGET_NAME = Pickup;
			};
			name = Release;
		};
/* End XCBuildConfiguration section */

/* Begin XCConfigurationList section */
		831BC91722188A3B00112BFB /* Build configuration list for PBXProject "Pickup" */ = {
			isa = XCConfigurationList;
			buildConfigurations = (
				831BC94222188A3D00112BFB /* Debug */,
				831BC94322188A3D00112BFB /* Release */,
			);
			defaultConfigurationIsVisible = 0;
			defaultConfigurationName = Release;
		};
		831BC94422188A3D00112BFB /* Build configuration list for PBXNativeTarget "Pickup" */ = {
			isa = XCConfigurationList;
			buildConfigurations = (
				831BC94522188A3D00112BFB /* Debug */,
				831BC94622188A3D00112BFB /* Release */,
			);
			defaultConfigurationIsVisible = 0;
			defaultConfigurationName = Release;
		};
		831BC94722188A3D00112BFB /* Build configuration list for PBXNativeTarget "PickupTests" */ = {
			isa = XCConfigurationList;
			buildConfigurations = (
				831BC94822188A3D00112BFB /* Debug */,
				831BC94922188A3D00112BFB /* Release */,
			);
			defaultConfigurationIsVisible = 0;
			defaultConfigurationName = Release;
		};
		831BC94A22188A3D00112BFB /* Build configuration list for PBXNativeTarget "PickupUITests" */ = {
			isa = XCConfigurationList;
			buildConfigurations = (
				831BC94B22188A3D00112BFB /* Debug */,
				831BC94C22188A3D00112BFB /* Release */,
			);
			defaultConfigurationIsVisible = 0;
			defaultConfigurationName = Release;
		};
/* End XCConfigurationList section */
	};
	rootObject = 831BC91422188A3B00112BFB /* Project object */;
}
